
Microsoft Visual Studio Solution File, Format Version 12.00
# Visual Studio Version 17
VisualStudioVersion = 17.2.32616.157
MinimumVisualStudioVersion = 10.0.40219.1
Project("{9A19103F-16F7-4668-BE54-9A1E7A4F7556}") = "ChatLineColorMod", "ChatLineColorMod.csproj", "{3D6C8B16-FA3E-483E-8B4D-67E2B46F25B2}"
EndProject
Global
	GlobalSection(SolutionConfigurationPlatforms) = preSolution
		Debug|Any CPU = Debug|Any CPU
		Release|Any CPU = Release|Any CPU
	EndGlobalSection
	GlobalSection(ProjectConfigurationPlatforms) = postSolution
		{3D6C8B16-FA3E-483E-8B4D-67E2B46F25B2}.Debug|Any CPU.ActiveCfg = Debug|Any CPU
		{3D6C8B16-FA3E-483E-8B4D-67E2B46F25B2}.Debug|Any CPU.Build.0 = Debug|Any CPU
		{3D6C8B16-FA3E-483E-8B4D-67E2B46F25B2}.Release|Any CPU.ActiveCfg = Release|Any CPU
		{3D6C8B16-FA3E-483E-8B4D-67E2B46F25B2}.Release|Any CPU.Build.0 = Release|Any CPU
	EndGlobalSection
	GlobalSection(SolutionProperties) = preSolution
		HideSolutionNode = FALSE
	EndGlobalSection
	GlobalSection(ExtensibilityGlobals) = postSolution
		SolutionGuid = {92C751DF-A4EF-45E8-8107-138EECB63E6D}
	EndGlobalSection
EndGlobal
